// !$*UTF8*$!
{
	archiveVersion = 1;
	classes = {
	};
	objectVersion = 50;
	objects = {

/* Begin PBXBuildFile section */
		111AEA5B22BB79AC00D711DB /* failed.wav in Resources */ = {isa = PBXBuildFile; fileRef = 111AEA5A22BB79AC00D711DB /* failed.wav */; };
		1173D02222BA819200ADB70A /* failedv1.wav in Resources */ = {isa = PBXBuildFile; fileRef = 1173D02122BA819100ADB70A /* failedv1.wav */; };
		89733535207A940500B8C1F9 /* AppDelegate.swift in Sources */ = {isa = PBXBuildFile; fileRef = 89733534207A940500B8C1F9 /* AppDelegate.swift */; };
		8973353A207A940500B8C1F9 /* Main.storyboard in Resources */ = {isa = PBXBuildFile; fileRef = 89733538207A940500B8C1F9 /* Main.storyboard */; };
		8973353C207A940600B8C1F9 /* Assets.xcassets in Resources */ = {isa = PBXBuildFile; fileRef = 8973353B207A940600B8C1F9 /* Assets.xcassets */; };
		8973353F207A940600B8C1F9 /* LaunchScreen.storyboard in Resources */ = {isa = PBXBuildFile; fileRef = 8973353D207A940600B8C1F9 /* LaunchScreen.storyboard */; };
		C982EB7122C4BE9200115E55 /* UserDefaultsTest.swift in Sources */ = {isa = PBXBuildFile; fileRef = C982EB6F22C4BE3B00115E55 /* UserDefaultsTest.swift */; };
		C982EB7422C4C4D400115E55 /* SoundFilesTest.swift in Sources */ = {isa = PBXBuildFile; fileRef = C982EB7222C4C49400115E55 /* SoundFilesTest.swift */; };
		D3AECB5222A02C020027AA32 /* Soundex.swift in Sources */ = {isa = PBXBuildFile; fileRef = D3AECB5122A02C020027AA32 /* Soundex.swift */; };
		F4137DA222A66C04008709D4 /* Speech2TextTests.swift in Sources */ = {isa = PBXBuildFile; fileRef = F4137DA122A66C04008709D4 /* Speech2TextTests.swift */; };
		F4137DA922A66C07008709D4 /* SoundexTest.swift in Sources */ = {isa = PBXBuildFile; fileRef = D3AECB5322A02CB50027AA32 /* SoundexTest.swift */; };
		F4137DAB22A67280008709D4 /* Intro.swift in Sources */ = {isa = PBXBuildFile; fileRef = F4137DAA22A67280008709D4 /* Intro.swift */; };
		F41DA4B522A9348100B80903 /* ViewController.swift in Sources */ = {isa = PBXBuildFile; fileRef = 89733536207A940500B8C1F9 /* ViewController.swift */; };
		F43AD0FB229D3E18000A066F /* Gesture.swift in Sources */ = {isa = PBXBuildFile; fileRef = F43AD0FA229D3E18000A066F /* Gesture.swift */; };
		F43AD0FF229D60FB000A066F /* Actions.swift in Sources */ = {isa = PBXBuildFile; fileRef = F43AD0FE229D60FB000A066F /* Actions.swift */; };
		F43AD101229D64C8000A066F /* RocksFalling.swift in Sources */ = {isa = PBXBuildFile; fileRef = F43AD100229D64C8000A066F /* RocksFalling.swift */; };
		F43B2A7A22A7D827008AAABD /* Record.swift in Sources */ = {isa = PBXBuildFile; fileRef = F43B2A7922A7D827008AAABD /* Record.swift */; };
		F43B2A7C22A7E20D008AAABD /* StartRecording.swift in Sources */ = {isa = PBXBuildFile; fileRef = F43B2A7B22A7E20D008AAABD /* StartRecording.swift */; };
		F4B35757228AB44600DCFDD5 /* running.mp3 in Resources */ = {isa = PBXBuildFile; fileRef = F4B35756228AB44600DCFDD5 /* running.mp3 */; };
		F4B35759228AB55C00DCFDD5 /* you-win.mp3 in Resources */ = {isa = PBXBuildFile; fileRef = F4B35758228AB55C00DCFDD5 /* you-win.mp3 */; };
		F4B80DAF22897377007747F2 /* Jump.wav in Resources */ = {isa = PBXBuildFile; fileRef = F4B80DAD22897377007747F2 /* Jump.wav */; };
		F4B80DB222897383007747F2 /* Mario-coin-sound.mp3 in Resources */ = {isa = PBXBuildFile; fileRef = F4B80DB122897383007747F2 /* Mario-coin-sound.mp3 */; };
		F4B80DB422897389007747F2 /* jump.mp3 in Resources */ = {isa = PBXBuildFile; fileRef = F4B80DB322897389007747F2 /* jump.mp3 */; };
		F4B80DBE2289A4EC007747F2 /* Rocks.wav in Resources */ = {isa = PBXBuildFile; fileRef = F4B80DBD2289A4EB007747F2 /* Rocks.wav */; };
/* End PBXBuildFile section */

/* Begin PBXContainerItemProxy section */
		F4137DA422A66C04008709D4 /* PBXContainerItemProxy */ = {
			isa = PBXContainerItemProxy;
			containerPortal = 89733529207A940500B8C1F9 /* Project object */;
			proxyType = 1;
			remoteGlobalIDString = 89733530207A940500B8C1F9;
			remoteInfo = Speech2Text;
		};
/* End PBXContainerItemProxy section */

/* Begin PBXFileReference section */
		111AEA5A22BB79AC00D711DB /* failed.wav */ = {isa = PBXFileReference; lastKnownFileType = audio.wav; path = failed.wav; sourceTree = "<group>"; };
		1173D02122BA819100ADB70A /* failedv1.wav */ = {isa = PBXFileReference; lastKnownFileType = audio.wav; path = failedv1.wav; sourceTree = "<group>"; };
		89733531207A940500B8C1F9 /* Speech2Text.app */ = {isa = PBXFileReference; explicitFileType = wrapper.application; includeInIndex = 0; path = Speech2Text.app; sourceTree = BUILT_PRODUCTS_DIR; };
		89733534207A940500B8C1F9 /* AppDelegate.swift */ = {isa = PBXFileReference; lastKnownFileType = sourcecode.swift; path = AppDelegate.swift; sourceTree = "<group>"; };
		89733536207A940500B8C1F9 /* ViewController.swift */ = {isa = PBXFileReference; lastKnownFileType = sourcecode.swift; path = ViewController.swift; sourceTree = "<group>"; };
		89733539207A940500B8C1F9 /* Base */ = {isa = PBXFileReference; lastKnownFileType = file.storyboard; name = Base; path = Base.lproj/Main.storyboard; sourceTree = "<group>"; };
		8973353B207A940600B8C1F9 /* Assets.xcassets */ = {isa = PBXFileReference; lastKnownFileType = folder.assetcatalog; path = Assets.xcassets; sourceTree = "<group>"; };
		8973353E207A940600B8C1F9 /* Base */ = {isa = PBXFileReference; lastKnownFileType = file.storyboard; name = Base; path = Base.lproj/LaunchScreen.storyboard; sourceTree = "<group>"; };
		89733540207A940600B8C1F9 /* Info.plist */ = {isa = PBXFileReference; lastKnownFileType = text.plist.xml; path = Info.plist; sourceTree = "<group>"; };
		C982EB6F22C4BE3B00115E55 /* UserDefaultsTest.swift */ = {isa = PBXFileReference; lastKnownFileType = sourcecode.swift; path = UserDefaultsTest.swift; sourceTree = "<group>"; };
		C982EB7222C4C49400115E55 /* SoundFilesTest.swift */ = {isa = PBXFileReference; lastKnownFileType = sourcecode.swift; path = SoundFilesTest.swift; sourceTree = "<group>"; };
		D3AECB5122A02C020027AA32 /* Soundex.swift */ = {isa = PBXFileReference; lastKnownFileType = sourcecode.swift; path = Soundex.swift; sourceTree = "<group>"; };
		D3AECB5322A02CB50027AA32 /* SoundexTest.swift */ = {isa = PBXFileReference; lastKnownFileType = sourcecode.swift; path = SoundexTest.swift; sourceTree = "<group>"; };
		F4137D9F22A66C04008709D4 /* Speech2TextTests.xctest */ = {isa = PBXFileReference; explicitFileType = wrapper.cfbundle; includeInIndex = 0; path = Speech2TextTests.xctest; sourceTree = BUILT_PRODUCTS_DIR; };
		F4137DA122A66C04008709D4 /* Speech2TextTests.swift */ = {isa = PBXFileReference; lastKnownFileType = sourcecode.swift; path = Speech2TextTests.swift; sourceTree = "<group>"; };
		F4137DA322A66C04008709D4 /* Info.plist */ = {isa = PBXFileReference; lastKnownFileType = text.plist.xml; path = Info.plist; sourceTree = "<group>"; };
		F4137DAA22A67280008709D4 /* Intro.swift */ = {isa = PBXFileReference; lastKnownFileType = sourcecode.swift; path = Intro.swift; sourceTree = "<group>"; };
		F43AD0FA229D3E18000A066F /* Gesture.swift */ = {isa = PBXFileReference; lastKnownFileType = sourcecode.swift; path = Gesture.swift; sourceTree = "<group>"; };
		F43AD0FE229D60FB000A066F /* Actions.swift */ = {isa = PBXFileReference; lastKnownFileType = sourcecode.swift; path = Actions.swift; sourceTree = "<group>"; };
		F43AD100229D64C8000A066F /* RocksFalling.swift */ = {isa = PBXFileReference; lastKnownFileType = sourcecode.swift; path = RocksFalling.swift; sourceTree = "<group>"; };
		F43B2A7922A7D827008AAABD /* Record.swift */ = {isa = PBXFileReference; lastKnownFileType = sourcecode.swift; path = Record.swift; sourceTree = "<group>"; };
		F43B2A7B22A7E20D008AAABD /* StartRecording.swift */ = {isa = PBXFileReference; lastKnownFileType = sourcecode.swift; path = StartRecording.swift; sourceTree = "<group>"; };
		F4B35756228AB44600DCFDD5 /* running.mp3 */ = {isa = PBXFileReference; lastKnownFileType = audio.mp3; name = running.mp3; path = Assets.xcassets/running.dataset/running.mp3; sourceTree = "<group>"; };
		F4B35758228AB55C00DCFDD5 /* you-win.mp3 */ = {isa = PBXFileReference; lastKnownFileType = audio.mp3; name = "you-win.mp3"; path = "Assets.xcassets/you-win.dataset/you-win.mp3"; sourceTree = "<group>"; };
		F4B80DAD22897377007747F2 /* Jump.wav */ = {isa = PBXFileReference; lastKnownFileType = audio.wav; name = Jump.wav; path = "Assets.xcassets/Jump-1.dataset/Jump.wav"; sourceTree = "<group>"; };
		F4B80DB122897383007747F2 /* Mario-coin-sound.mp3 */ = {isa = PBXFileReference; lastKnownFileType = audio.mp3; name = "Mario-coin-sound.mp3"; path = "Assets.xcassets/Mario-coin-sound.dataset/Mario-coin-sound.mp3"; sourceTree = "<group>"; };
		F4B80DB322897389007747F2 /* jump.mp3 */ = {isa = PBXFileReference; lastKnownFileType = audio.mp3; name = jump.mp3; path = Assets.xcassets/jump.dataset/jump.mp3; sourceTree = "<group>"; };
		F4B80DBD2289A4EB007747F2 /* Rocks.wav */ = {isa = PBXFileReference; lastKnownFileType = audio.wav; name = Rocks.wav; path = Assets.xcassets/Rocks.dataset/Rocks.wav; sourceTree = "<group>"; };
/* End PBXFileReference section */

/* Begin PBXFrameworksBuildPhase section */
		8973352E207A940500B8C1F9 /* Frameworks */ = {
			isa = PBXFrameworksBuildPhase;
			buildActionMask = 2147483647;
			files = (
			);
			runOnlyForDeploymentPostprocessing = 0;
		};
		F4137D9C22A66C04008709D4 /* Frameworks */ = {
			isa = PBXFrameworksBuildPhase;
			buildActionMask = 2147483647;
			files = (
			);
			runOnlyForDeploymentPostprocessing = 0;
		};
/* End PBXFrameworksBuildPhase section */

/* Begin PBXGroup section */
		89733528207A940500B8C1F9 = {
			isa = PBXGroup;
			children = (
				89733533207A940500B8C1F9 /* Speech2Text */,
				F4137DA022A66C04008709D4 /* Speech2TextTests */,
				89733532207A940500B8C1F9 /* Products */,
			);
			sourceTree = "<group>";
		};
		89733532207A940500B8C1F9 /* Products */ = {
			isa = PBXGroup;
			children = (
				89733531207A940500B8C1F9 /* Speech2Text.app */,
				F4137D9F22A66C04008709D4 /* Speech2TextTests.xctest */,
			);
			name = Products;
			sourceTree = "<group>";
		};
		89733533207A940500B8C1F9 /* Speech2Text */ = {
			isa = PBXGroup;
			children = (
				F4B80DAD22897377007747F2 /* Jump.wav */,
				F4B80DB122897383007747F2 /* Mario-coin-sound.mp3 */,
				F4B80DBD2289A4EB007747F2 /* Rocks.wav */,
				F4B80DB322897389007747F2 /* jump.mp3 */,
				111AEA5A22BB79AC00D711DB /* failed.wav */,
				F4B35756228AB44600DCFDD5 /* running.mp3 */,
				1173D02122BA819100ADB70A /* failedv1.wav */,
				F4B35758228AB55C00DCFDD5 /* you-win.mp3 */,
				89733534207A940500B8C1F9 /* AppDelegate.swift */,
				89733536207A940500B8C1F9 /* ViewController.swift */,
				89733538207A940500B8C1F9 /* Main.storyboard */,
				8973353D207A940600B8C1F9 /* LaunchScreen.storyboard */,
				89733540207A940600B8C1F9 /* Info.plist */,
				8973353B207A940600B8C1F9 /* Assets.xcassets */,
				F43AD0FE229D60FB000A066F /* Actions.swift */,
				F43AD0FA229D3E18000A066F /* Gesture.swift */,
				C982EB6F22C4BE3B00115E55 /* UserDefaultsTest.swift */,
				F4137DAA22A67280008709D4 /* Intro.swift */,
				F43AD100229D64C8000A066F /* RocksFalling.swift */,
				D3AECB5122A02C020027AA32 /* Soundex.swift */,
				D3AECB5322A02CB50027AA32 /* SoundexTest.swift */,
				C982EB7222C4C49400115E55 /* SoundFilesTest.swift */,
				F43B2A7922A7D827008AAABD /* Record.swift */,
				F43B2A7B22A7E20D008AAABD /* StartRecording.swift */,
			);
			path = Speech2Text;
			sourceTree = "<group>";
		};
		F4137DA022A66C04008709D4 /* Speech2TextTests */ = {
			isa = PBXGroup;
			children = (
				F4137DA122A66C04008709D4 /* Speech2TextTests.swift */,
				F4137DA322A66C04008709D4 /* Info.plist */,
			);
			path = Speech2TextTests;
			sourceTree = "<group>";
		};
/* End PBXGroup section */

/* Begin PBXNativeTarget section */
		89733530207A940500B8C1F9 /* Speech2Text */ = {
			isa = PBXNativeTarget;
			buildConfigurationList = 89733543207A940600B8C1F9 /* Build configuration list for PBXNativeTarget "Speech2Text" */;
			buildPhases = (
				8973352D207A940500B8C1F9 /* Sources */,
				8973352E207A940500B8C1F9 /* Frameworks */,
				8973352F207A940500B8C1F9 /* Resources */,
			);
			buildRules = (
			);
			dependencies = (
			);
			name = Speech2Text;
			productName = Speech2Text;
			productReference = 89733531207A940500B8C1F9 /* Speech2Text.app */;
			productType = "com.apple.product-type.application";
		};
		F4137D9E22A66C04008709D4 /* Speech2TextTests */ = {
			isa = PBXNativeTarget;
			buildConfigurationList = F4137DA622A66C04008709D4 /* Build configuration list for PBXNativeTarget "Speech2TextTests" */;
			buildPhases = (
				F4137D9B22A66C04008709D4 /* Sources */,
				F4137D9C22A66C04008709D4 /* Frameworks */,
				F4137D9D22A66C04008709D4 /* Resources */,
			);
			buildRules = (
			);
			dependencies = (
				F4137DA522A66C04008709D4 /* PBXTargetDependency */,
			);
			name = Speech2TextTests;
			productName = Speech2TextTests;
			productReference = F4137D9F22A66C04008709D4 /* Speech2TextTests.xctest */;
			productType = "com.apple.product-type.bundle.unit-test";
		};
/* End PBXNativeTarget section */

/* Begin PBXProject section */
		89733529207A940500B8C1F9 /* Project object */ = {
			isa = PBXProject;
			attributes = {
				LastSwiftUpdateCheck = 0940;
				LastUpgradeCheck = 0930;
				ORGANIZATIONNAME = Devtechie;
				TargetAttributes = {
					89733530207A940500B8C1F9 = {
						CreatedOnToolsVersion = 9.3;
					};
					F4137D9E22A66C04008709D4 = {
						CreatedOnToolsVersion = 9.4.1;
						TestTargetID = 89733530207A940500B8C1F9;
					};
				};
			};
			buildConfigurationList = 8973352C207A940500B8C1F9 /* Build configuration list for PBXProject "Speech2Text" */;
			compatibilityVersion = "Xcode 9.3";
			developmentRegion = en;
			hasScannedForEncodings = 0;
			knownRegions = (
				en,
				Base,
			);
			mainGroup = 89733528207A940500B8C1F9;
			productRefGroup = 89733532207A940500B8C1F9 /* Products */;
			projectDirPath = "";
			projectRoot = "";
			targets = (
				89733530207A940500B8C1F9 /* Speech2Text */,
				F4137D9E22A66C04008709D4 /* Speech2TextTests */,
			);
		};
/* End PBXProject section */

/* Begin PBXResourcesBuildPhase section */
		8973352F207A940500B8C1F9 /* Resources */ = {
			isa = PBXResourcesBuildPhase;
			buildActionMask = 2147483647;
			files = (
				8973353F207A940600B8C1F9 /* LaunchScreen.storyboard in Resources */,
				F4B80DAF22897377007747F2 /* Jump.wav in Resources */,
				F4B35757228AB44600DCFDD5 /* running.mp3 in Resources */,
				1173D02222BA819200ADB70A /* failedv1.wav in Resources */,
				F4B80DBE2289A4EC007747F2 /* Rocks.wav in Resources */,
				111AEA5B22BB79AC00D711DB /* failed.wav in Resources */,
				8973353C207A940600B8C1F9 /* Assets.xcassets in Resources */,
				F4B80DB422897389007747F2 /* jump.mp3 in Resources */,
				F4B35759228AB55C00DCFDD5 /* you-win.mp3 in Resources */,
				F4B80DB222897383007747F2 /* Mario-coin-sound.mp3 in Resources */,
				8973353A207A940500B8C1F9 /* Main.storyboard in Resources */,
			);
			runOnlyForDeploymentPostprocessing = 0;
		};
		F4137D9D22A66C04008709D4 /* Resources */ = {
			isa = PBXResourcesBuildPhase;
			buildActionMask = 2147483647;
			files = (
			);
			runOnlyForDeploymentPostprocessing = 0;
		};
/* End PBXResourcesBuildPhase section */

/* Begin PBXSourcesBuildPhase section */
		8973352D207A940500B8C1F9 /* Sources */ = {
			isa = PBXSourcesBuildPhase;
			buildActionMask = 2147483647;
			files = (
				F43AD0FB229D3E18000A066F /* Gesture.swift in Sources */,
				F43AD0FF229D60FB000A066F /* Actions.swift in Sources */,
				89733535207A940500B8C1F9 /* AppDelegate.swift in Sources */,
				F41DA4B522A9348100B80903 /* ViewController.swift in Sources */,
				F4137DAB22A67280008709D4 /* Intro.swift in Sources */,
				D3AECB5222A02C020027AA32 /* Soundex.swift in Sources */,
				F43B2A7C22A7E20D008AAABD /* StartRecording.swift in Sources */,
				F43B2A7A22A7D827008AAABD /* Record.swift in Sources */,
				F43AD101229D64C8000A066F /* RocksFalling.swift in Sources */,
			);
			runOnlyForDeploymentPostprocessing = 0;
		};
		F4137D9B22A66C04008709D4 /* Sources */ = {
			isa = PBXSourcesBuildPhase;
			buildActionMask = 2147483647;
			files = (
				F4137DA922A66C07008709D4 /* SoundexTest.swift in Sources */,
				F4137DA222A66C04008709D4 /* Speech2TextTests.swift in Sources */,
				C982EB7122C4BE9200115E55 /* UserDefaultsTest.swift in Sources */,
				C982EB7422C4C4D400115E55 /* SoundFilesTest.swift in Sources */,
			);
			runOnlyForDeploymentPostprocessing = 0;
		};
/* End PBXSourcesBuildPhase section */

/* Begin PBXTargetDependency section */
		F4137DA522A66C04008709D4 /* PBXTargetDependency */ = {
			isa = PBXTargetDependency;
			target = 89733530207A940500B8C1F9 /* Speech2Text */;
			targetProxy = F4137DA422A66C04008709D4 /* PBXContainerItemProxy */;
		};
/* End PBXTargetDependency section */

/* Begin PBXVariantGroup section */
		89733538207A940500B8C1F9 /* Main.storyboard */ = {
			isa = PBXVariantGroup;
			children = (
				89733539207A940500B8C1F9 /* Base */,
			);
			name = Main.storyboard;
			sourceTree = "<group>";
		};
		8973353D207A940600B8C1F9 /* LaunchScreen.storyboard */ = {
			isa = PBXVariantGroup;
			children = (
				8973353E207A940600B8C1F9 /* Base */,
			);
			name = LaunchScreen.storyboard;
			sourceTree = "<group>";
		};
/* End PBXVariantGroup section */

/* Begin XCBuildConfiguration section */
		89733541207A940600B8C1F9 /* Debug */ = {
			isa = XCBuildConfiguration;
			buildSettings = {
				ALWAYS_SEARCH_USER_PATHS = NO;
				CLANG_ANALYZER_NONNULL = YES;
				CLANG_ANALYZER_NUMBER_OBJECT_CONVERSION = YES_AGGRESSIVE;
				CLANG_CXX_LANGUAGE_STANDARD = "gnu++14";
				CLANG_CXX_LIBRARY = "libc++";
				CLANG_ENABLE_MODULES = YES;
				CLANG_ENABLE_OBJC_ARC = YES;
				CLANG_ENABLE_OBJC_WEAK = YES;
				CLANG_WARN_BLOCK_CAPTURE_AUTORELEASING = YES;
				CLANG_WARN_BOOL_CONVERSION = YES;
				CLANG_WARN_COMMA = YES;
				CLANG_WARN_CONSTANT_CONVERSION = YES;
				CLANG_WARN_DEPRECATED_OBJC_IMPLEMENTATIONS = YES;
				CLANG_WARN_DIRECT_OBJC_ISA_USAGE = YES_ERROR;
				CLANG_WARN_DOCUMENTATION_COMMENTS = YES;
				CLANG_WARN_EMPTY_BODY = YES;
				CLANG_WARN_ENUM_CONVERSION = YES;
				CLANG_WARN_INFINITE_RECURSION = YES;
				CLANG_WARN_INT_CONVERSION = YES;
				CLANG_WARN_NON_LITERAL_NULL_CONVERSION = YES;
				CLANG_WARN_OBJC_IMPLICIT_RETAIN_SELF = YES;
				CLANG_WARN_OBJC_LITERAL_CONVERSION = YES;
				CLANG_WARN_OBJC_ROOT_CLASS = YES_ERROR;
				CLANG_WARN_RANGE_LOOP_ANALYSIS = YES;
				CLANG_WARN_STRICT_PROTOTYPES = YES;
				CLANG_WARN_SUSPICIOUS_MOVE = YES;
				CLANG_WARN_UNGUARDED_AVAILABILITY = YES_AGGRESSIVE;
				CLANG_WARN_UNREACHABLE_CODE = YES;
				CLANG_WARN__DUPLICATE_METHOD_MATCH = YES;
				CODE_SIGN_IDENTITY = "iPhone Developer";
				COPY_PHASE_STRIP = NO;
				DEBUG_INFORMATION_FORMAT = dwarf;
				ENABLE_STRICT_OBJC_MSGSEND = YES;
				ENABLE_TESTABILITY = YES;
				GCC_C_LANGUAGE_STANDARD = gnu11;
				GCC_DYNAMIC_NO_PIC = NO;
				GCC_NO_COMMON_BLOCKS = YES;
				GCC_OPTIMIZATION_LEVEL = 0;
				GCC_PREPROCESSOR_DEFINITIONS = (
					"DEBUG=1",
					"$(inherited)",
				);
				GCC_WARN_64_TO_32_BIT_CONVERSION = YES;
				GCC_WARN_ABOUT_RETURN_TYPE = YES_ERROR;
				GCC_WARN_UNDECLARED_SELECTOR = YES;
				GCC_WARN_UNINITIALIZED_AUTOS = YES_AGGRESSIVE;
				GCC_WARN_UNUSED_FUNCTION = YES;
				GCC_WARN_UNUSED_VARIABLE = YES;
				IPHONEOS_DEPLOYMENT_TARGET = 11.3;
				MTL_ENABLE_DEBUG_INFO = YES;
				ONLY_ACTIVE_ARCH = YES;
				SDKROOT = iphoneos;
				SWIFT_ACTIVE_COMPILATION_CONDITIONS = DEBUG;
				SWIFT_OPTIMIZATION_LEVEL = "-Onone";
			};
			name = Debug;
		};
		89733542207A940600B8C1F9 /* Release */ = {
			isa = XCBuildConfiguration;
			buildSettings = {
				ALWAYS_SEARCH_USER_PATHS = NO;
				CLANG_ANALYZER_NONNULL = YES;
				CLANG_ANALYZER_NUMBER_OBJECT_CONVERSION = YES_AGGRESSIVE;
				CLANG_CXX_LANGUAGE_STANDARD = "gnu++14";
				CLANG_CXX_LIBRARY = "libc++";
				CLANG_ENABLE_MODULES = YES;
				CLANG_ENABLE_OBJC_ARC = YES;
				CLANG_ENABLE_OBJC_WEAK = YES;
				CLANG_WARN_BLOCK_CAPTURE_AUTORELEASING = YES;
				CLANG_WARN_BOOL_CONVERSION = YES;
				CLANG_WARN_COMMA = YES;
				CLANG_WARN_CONSTANT_CONVERSION = YES;
				CLANG_WARN_DEPRECATED_OBJC_IMPLEMENTATIONS = YES;
				CLANG_WARN_DIRECT_OBJC_ISA_USAGE = YES_ERROR;
				CLANG_WARN_DOCUMENTATION_COMMENTS = YES;
				CLANG_WARN_EMPTY_BODY = YES;
				CLANG_WARN_ENUM_CONVERSION = YES;
				CLANG_WARN_INFINITE_RECURSION = YES;
				CLANG_WARN_INT_CONVERSION = YES;
				CLANG_WARN_NON_LITERAL_NULL_CONVERSION = YES;
				CLANG_WARN_OBJC_IMPLICIT_RETAIN_SELF = YES;
				CLANG_WARN_OBJC_LITERAL_CONVERSION = YES;
				CLANG_WARN_OBJC_ROOT_CLASS = YES_ERROR;
				CLANG_WARN_RANGE_LOOP_ANALYSIS = YES;
				CLANG_WARN_STRICT_PROTOTYPES = YES;
				CLANG_WARN_SUSPICIOUS_MOVE = YES;
				CLANG_WARN_UNGUARDED_AVAILABILITY = YES_AGGRESSIVE;
				CLANG_WARN_UNREACHABLE_CODE = YES;
				CLANG_WARN__DUPLICATE_METHOD_MATCH = YES;
				CODE_SIGN_IDENTITY = "iPhone Developer";
				COPY_PHASE_STRIP = NO;
				DEBUG_INFORMATION_FORMAT = "dwarf-with-dsym";
				ENABLE_NS_ASSERTIONS = NO;
				ENABLE_STRICT_OBJC_MSGSEND = YES;
				GCC_C_LANGUAGE_STANDARD = gnu11;
				GCC_NO_COMMON_BLOCKS = YES;
				GCC_WARN_64_TO_32_BIT_CONVERSION = YES;
				GCC_WARN_ABOUT_RETURN_TYPE = YES_ERROR;
				GCC_WARN_UNDECLARED_SELECTOR = YES;
				GCC_WARN_UNINITIALIZED_AUTOS = YES_AGGRESSIVE;
				GCC_WARN_UNUSED_FUNCTION = YES;
				GCC_WARN_UNUSED_VARIABLE = YES;
				IPHONEOS_DEPLOYMENT_TARGET = 11.3;
				MTL_ENABLE_DEBUG_INFO = NO;
				SDKROOT = iphoneos;
				SWIFT_COMPILATION_MODE = wholemodule;
				SWIFT_OPTIMIZATION_LEVEL = "-O";
				VALIDATE_PRODUCT = YES;
			};
			name = Release;
		};
		89733544207A940600B8C1F9 /* Debug */ = {
			isa = XCBuildConfiguration;
			buildSettings = {
				ASSETCATALOG_COMPILER_APPICON_NAME = AppIcon;
				CODE_SIGN_STYLE = Automatic;
				DEVELOPMENT_TEAM = 63Y3987Z9A;
				INFOPLIST_FILE = Speech2Text/Info.plist;
				LD_RUNPATH_SEARCH_PATHS = (
					"$(inherited)",
					"@executable_path/Frameworks",
				);
				PRODUCT_BUNDLE_IDENTIFIER = com.devtechie.Speech2Text;
				PRODUCT_NAME = "$(TARGET_NAME)";
				SWIFT_VERSION = 4.0;
				TARGETED_DEVICE_FAMILY = "1,2";
			};
			name = Debug;
		};
		89733545207A940600B8C1F9 /* Release */ = {
			isa = XCBuildConfiguration;
			buildSettings = {
				ASSETCATALOG_COMPILER_APPICON_NAME = AppIcon;
				CODE_SIGN_STYLE = Automatic;
				DEVELOPMENT_TEAM = 63Y3987Z9A;
				INFOPLIST_FILE = Speech2Text/Info.plist;
				LD_RUNPATH_SEARCH_PATHS = (
					"$(inherited)",
					"@executable_path/Frameworks",
				);
				PRODUCT_BUNDLE_IDENTIFIER = com.devtechie.Speech2Text;
				PRODUCT_NAME = "$(TARGET_NAME)";
				SWIFT_VERSION = 4.0;
				TARGETED_DEVICE_FAMILY = "1,2";
			};
			name = Release;
		};
		F4137DA722A66C04008709D4 /* Debug */ = {
			isa = XCBuildConfiguration;
			buildSettings = {
				BUNDLE_LOADER = "$(TEST_HOST)";
				CODE_SIGN_STYLE = Automatic;
				INFOPLIST_FILE = Speech2TextTests/Info.plist;
				IPHONEOS_DEPLOYMENT_TARGET = 11.4;
				LD_RUNPATH_SEARCH_PATHS = (
					"$(inherited)",
					"@executable_path/Frameworks",
					"@loader_path/Frameworks",
				);
				PRODUCT_BUNDLE_IDENTIFIER = Game.Speech2TextTests;
				PRODUCT_NAME = "$(TARGET_NAME)";
				SWIFT_VERSION = 4.0;
				TARGETED_DEVICE_FAMILY = "1,2";
				TEST_HOST = "$(BUILT_PRODUCTS_DIR)/Speech2Text.app/Speech2Text";
			};
			name = Debug;
		};
		F4137DA822A66C04008709D4 /* Release */ = {
			isa = XCBuildConfiguration;
			buildSettings = {
				BUNDLE_LOADER = "$(TEST_HOST)";
				CODE_SIGN_STYLE = Automatic;
				INFOPLIST_FILE = Speech2TextTests/Info.plist;
				IPHONEOS_DEPLOYMENT_TARGET = 11.4;
				LD_RUNPATH_SEARCH_PATHS = (
					"$(inherited)",
					"@executable_path/Frameworks",
					"@loader_path/Frameworks",
				);
				PRODUCT_BUNDLE_IDENTIFIER = Game.Speech2TextTests;
				PRODUCT_NAME = "$(TARGET_NAME)";
				SWIFT_VERSION = 4.0;
				TARGETED_DEVICE_FAMILY = "1,2";
				TEST_HOST = "$(BUILT_PRODUCTS_DIR)/Speech2Text.app/Speech2Text";
			};
			name = Release;
		};
/* End XCBuildConfiguration section */

/* Begin XCConfigurationList section */
		8973352C207A940500B8C1F9 /* Build configuration list for PBXProject "Speech2Text" */ = {
			isa = XCConfigurationList;
			buildConfigurations = (
				89733541207A940600B8C1F9 /* Debug */,
				89733542207A940600B8C1F9 /* Release */,
			);
			defaultConfigurationIsVisible = 0;
			defaultConfigurationName = Release;
		};
		89733543207A940600B8C1F9 /* Build configuration list for PBXNativeTarget "Speech2Text" */ = {
			isa = XCConfigurationList;
			buildConfigurations = (
				89733544207A940600B8C1F9 /* Debug */,
				89733545207A940600B8C1F9 /* Release */,
			);
			defaultConfigurationIsVisible = 0;
			defaultConfigurationName = Release;
		};
		F4137DA622A66C04008709D4 /* Build configuration list for PBXNativeTarget "Speech2TextTests" */ = {
			isa = XCConfigurationList;
			buildConfigurations = (
				F4137DA722A66C04008709D4 /* Debug */,
				F4137DA822A66C04008709D4 /* Release */,
			);
			defaultConfigurationIsVisible = 0;
			defaultConfigurationName = Release;
		};
/* End XCConfigurationList section */
	};
	rootObject = 89733529207A940500B8C1F9 /* Project object */;
}
